
Microsoft Visual Studio Solution File, Format Version 10.00
# Visual Studio 2008
Project("{54435603-DBB4-11D2-8724-00A0C9A8B90C}") = "SisIYA_Client_GUI_Setup", "SisIYA_Client_GUI_Setup\SisIYA_Client_GUI_Setup.vdproj", "{91D83C3E-6E9F-4755-B4A2-EFF744445042}"
EndProject
Project("{F184B08F-C81C-45F6-A57F-5ABD9991F28F}") = "SisIYA_Client_GUI", "..\SisIYA_Client_GUI.vbproj", "{9112F09B-A651-4AE7-A71A-182042FDF996}"
EndProject
Global
	GlobalSection(SolutionConfigurationPlatforms) = preSolution
		Debug|Any CPU = Debug|Any CPU
		Release|Any CPU = Release|Any CPU
	EndGlobalSection
	GlobalSection(ProjectConfigurationPlatforms) = postSolution
		{91D83C3E-6E9F-4755-B4A2-EFF744445042}.Debug|Any CPU.ActiveCfg = Debug
		{91D83C3E-6E9F-4755-B4A2-EFF744445042}.Debug|Any CPU.Build.0 = Debug
		{91D83C3E-6E9F-4755-B4A2-EFF744445042}.Release|Any CPU.ActiveCfg = Release
		{91D83C3E-6E9F-4755-B4A2-EFF744445042}.Release|Any CPU.Build.0 = Release
		{9112F09B-A651-4AE7-A71A-182042FDF996}.Debug|Any CPU.ActiveCfg = Debug|Any CPU
		{9112F09B-A651-4AE7-A71A-182042FDF996}.Debug|Any CPU.Build.0 = Debug|Any CPU
		{9112F09B-A651-4AE7-A71A-182042FDF996}.Release|Any CPU.ActiveCfg = Release|Any CPU
		{9112F09B-A651-4AE7-A71A-182042FDF996}.Release|Any CPU.Build.0 = Release|Any CPU
	EndGlobalSection
	GlobalSection(SolutionProperties) = preSolution
		HideSolutionNode = FALSE
	EndGlobalSection
EndGlobal
